
Microsoft Visual Studio Solution File, Format Version 12.00
# Visual Studio 15
VisualStudioVersion = 15.0.27130.2024
MinimumVisualStudioVersion = 10.0.40219.1
Project("{2150E333-8FDC-42A3-9474-1A3956D46DE8}") = "Solution Items", "Solution Items", "{E84DB31C-30E0-4158-A4E1-983E28870C94}"
	ProjectSection(SolutionItems) = preProject
		Dockerfile = Dockerfile
	EndProjectSection
EndProject
Project("{9A19103F-16F7-4668-BE54-9A1E7A4F7556}") = "Wikiled.SeekingAlpha.Service", "Wikiled.SeekingAlpha.Service\Wikiled.SeekingAlpha.Service.csproj", "{5100A079-D770-4F1D-8C56-0529C8989D73}"
EndProject
Project("{9A19103F-16F7-4668-BE54-9A1E7A4F7556}") = "Wikiled.SeekingAlpha.Service.Tests", "Wikiled.SeekingAlpha.Service.Tests\Wikiled.SeekingAlpha.Service.Tests.csproj", "{6EB84A9A-39D1-4D08-B094-350ECED6D6FD}"
EndProject
Project("{2150E333-8FDC-42A3-9474-1A3956D46DE8}") = "Tests", "Tests", "{447123EB-BA32-4ED7-867A-0A72133FEEFB}"
EndProject
Project("{9A19103F-16F7-4668-BE54-9A1E7A4F7556}") = "Wikiled.SeekingAlpha.Api", "Wikiled.SeekingAlpha.Api\Wikiled.SeekingAlpha.Api.csproj", "{4CFD42E2-1CB7-48CF-BE74-3F14C3ED94CB}"
EndProject
Project("{9A19103F-16F7-4668-BE54-9A1E7A4F7556}") = "Wikiled.SeekingAlpha.Api.Tests", "Wikiled.SeekingAlpha.Api.Tests\Wikiled.SeekingAlpha.Api.Tests.csproj", "{9994772A-B433-468E-87D5-99EF69009374}"
EndProject
Project("{9A19103F-16F7-4668-BE54-9A1E7A4F7556}") = "Wikiled.SeekingAlpha.TestApp", "Wikiled.SeekingAlpha.TestApp\Wikiled.SeekingAlpha.TestApp.csproj", "{F8E1BD32-E7BC-436B-8498-99FE4F822752}"
EndProject
Global
	GlobalSection(SolutionConfigurationPlatforms) = preSolution
		Debug|Any CPU = Debug|Any CPU
		Release|Any CPU = Release|Any CPU
	EndGlobalSection
	GlobalSection(ProjectConfigurationPlatforms) = postSolution
		{5100A079-D770-4F1D-8C56-0529C8989D73}.Debug|Any CPU.ActiveCfg = Debug|Any CPU
		{5100A079-D770-4F1D-8C56-0529C8989D73}.Debug|Any CPU.Build.0 = Debug|Any CPU
		{5100A079-D770-4F1D-8C56-0529C8989D73}.Release|Any CPU.ActiveCfg = Release|Any CPU
		{5100A079-D770-4F1D-8C56-0529C8989D73}.Release|Any CPU.Build.0 = Release|Any CPU
		{6EB84A9A-39D1-4D08-B094-350ECED6D6FD}.Debug|Any CPU.ActiveCfg = Debug|Any CPU
		{6EB84A9A-39D1-4D08-B094-350ECED6D6FD}.Debug|Any CPU.Build.0 = Debug|Any CPU
		{6EB84A9A-39D1-4D08-B094-350ECED6D6FD}.Release|Any CPU.ActiveCfg = Release|Any CPU
		{6EB84A9A-39D1-4D08-B094-350ECED6D6FD}.Release|Any CPU.Build.0 = Release|Any CPU
		{4CFD42E2-1CB7-48CF-BE74-3F14C3ED94CB}.Debug|Any CPU.ActiveCfg = Debug|Any CPU
		{4CFD42E2-1CB7-48CF-BE74-3F14C3ED94CB}.Debug|Any CPU.Build.0 = Debug|Any CPU
		{4CFD42E2-1CB7-48CF-BE74-3F14C3ED94CB}.Release|Any CPU.ActiveCfg = Release|Any CPU
		{4CFD42E2-1CB7-48CF-BE74-3F14C3ED94CB}.Release|Any CPU.Build.0 = Release|Any CPU
		{9994772A-B433-468E-87D5-99EF69009374}.Debug|Any CPU.ActiveCfg = Debug|Any CPU
		{9994772A-B433-468E-87D5-99EF69009374}.Debug|Any CPU.Build.0 = Debug|Any CPU
		{9994772A-B433-468E-87D5-99EF69009374}.Release|Any CPU.ActiveCfg = Release|Any CPU
		{9994772A-B433-468E-87D5-99EF69009374}.Release|Any CPU.Build.0 = Release|Any CPU
		{F8E1BD32-E7BC-436B-8498-99FE4F822752}.Debug|Any CPU.ActiveCfg = Debug|Any CPU
		{F8E1BD32-E7BC-436B-8498-99FE4F822752}.Debug|Any CPU.Build.0 = Debug|Any CPU
		{F8E1BD32-E7BC-436B-8498-99FE4F822752}.Release|Any CPU.ActiveCfg = Release|Any CPU
		{F8E1BD32-E7BC-436B-8498-99FE4F822752}.Release|Any CPU.Build.0 = Release|Any CPU
	EndGlobalSection
	GlobalSection(SolutionProperties) = preSolution
		HideSolutionNode = FALSE
	EndGlobalSection
	GlobalSection(NestedProjects) = preSolution
		{6EB84A9A-39D1-4D08-B094-350ECED6D6FD} = {447123EB-BA32-4ED7-867A-0A72133FEEFB}
		{9994772A-B433-468E-87D5-99EF69009374} = {447123EB-BA32-4ED7-867A-0A72133FEEFB}
	EndGlobalSection
	GlobalSection(ExtensibilityGlobals) = postSolution
		SolutionGuid = {635F2295-F5D6-4362-8D98-D884522DFE57}
	EndGlobalSection
	GlobalSection(Performance) = preSolution
		HasPerformanceSessions = true
	EndGlobalSection
EndGlobal
